
Microsoft Visual Studio Solution File, Format Version 12.00
# Visual Studio Version 17
VisualStudioVersion = 17.10.35122.118
MinimumVisualStudioVersion = 10.0.40219.1
Project("{FAE04EC0-301F-11D3-BF4B-00C04F79EFBC}") = "BackendProductTaskAPI", "BackendProductTaskAPI\BackendProductTaskAPI.csproj", "{462FA9DD-289D-4A25-82E7-4B9848C3DC3C}"
EndProject
Project("{FAE04EC0-301F-11D3-BF4B-00C04F79EFBC}") = "BackendCosmosTask.Infrastructure", "BackendCosmosTask.Infrastructure\BackendCosmosTask.Infrastructure.csproj", "{536F65F1-CAC6-495C-9008-EB9EF14A8800}"
EndProject
Project("{FAE04EC0-301F-11D3-BF4B-00C04F79EFBC}") = "BAckendCosmosTask.Domain", "BAckendCosmosTask.Domain\BAckendCosmosTask.Domain.csproj", "{7007EA15-7903-4168-9A9A-803FB6F95F31}"
EndProject
Project("{FAE04EC0-301F-11D3-BF4B-00C04F79EFBC}") = "BackendProductTask.Core", "BackendProductTask.Core\BackendProductTask.Core.csproj", "{C88BBD1A-1964-4108-862E-BC5F33645FB9}"
EndProject
Global
	GlobalSection(SolutionConfigurationPlatforms) = preSolution
		Debug|Any CPU = Debug|Any CPU
		Release|Any CPU = Release|Any CPU
	EndGlobalSection
	GlobalSection(ProjectConfigurationPlatforms) = postSolution
		{462FA9DD-289D-4A25-82E7-4B9848C3DC3C}.Debug|Any CPU.ActiveCfg = Debug|Any CPU
		{462FA9DD-289D-4A25-82E7-4B9848C3DC3C}.Debug|Any CPU.Build.0 = Debug|Any CPU
		{462FA9DD-289D-4A25-82E7-4B9848C3DC3C}.Release|Any CPU.ActiveCfg = Release|Any CPU
		{462FA9DD-289D-4A25-82E7-4B9848C3DC3C}.Release|Any CPU.Build.0 = Release|Any CPU
		{536F65F1-CAC6-495C-9008-EB9EF14A8800}.Debug|Any CPU.ActiveCfg = Debug|Any CPU
		{536F65F1-CAC6-495C-9008-EB9EF14A8800}.Debug|Any CPU.Build.0 = Debug|Any CPU
		{536F65F1-CAC6-495C-9008-EB9EF14A8800}.Release|Any CPU.ActiveCfg = Release|Any CPU
		{536F65F1-CAC6-495C-9008-EB9EF14A8800}.Release|Any CPU.Build.0 = Release|Any CPU
		{7007EA15-7903-4168-9A9A-803FB6F95F31}.Debug|Any CPU.ActiveCfg = Debug|Any CPU
		{7007EA15-7903-4168-9A9A-803FB6F95F31}.Debug|Any CPU.Build.0 = Debug|Any CPU
		{7007EA15-7903-4168-9A9A-803FB6F95F31}.Release|Any CPU.ActiveCfg = Release|Any CPU
		{7007EA15-7903-4168-9A9A-803FB6F95F31}.Release|Any CPU.Build.0 = Release|Any CPU
		{C88BBD1A-1964-4108-862E-BC5F33645FB9}.Debug|Any CPU.ActiveCfg = Debug|Any CPU
		{C88BBD1A-1964-4108-862E-BC5F33645FB9}.Debug|Any CPU.Build.0 = Debug|Any CPU
		{C88BBD1A-1964-4108-862E-BC5F33645FB9}.Release|Any CPU.ActiveCfg = Release|Any CPU
		{C88BBD1A-1964-4108-862E-BC5F33645FB9}.Release|Any CPU.Build.0 = Release|Any CPU
	EndGlobalSection
	GlobalSection(SolutionProperties) = preSolution
		HideSolutionNode = FALSE
	EndGlobalSection
	GlobalSection(ExtensibilityGlobals) = postSolution
		SolutionGuid = {F9E6FF01-C839-47FB-A7AA-517C0DD957B1}
	EndGlobalSection
EndGlobal
